
Microsoft Visual Studio Solution File, Format Version 12.00
# Visual Studio Version 16
VisualStudioVersion = 16.0.29519.87
MinimumVisualStudioVersion = 10.0.40219.1
Project("{2150E333-8FDC-42A3-9474-1A3956D46DE8}") = "Queues", "Queues", "{EB387BB3-FE99-46B7-B42D-866B66D8488C}"
EndProject
Project("{2150E333-8FDC-42A3-9474-1A3956D46DE8}") = "PublishSubscribes", "PublishSubscribes", "{B6EBB01B-243B-455E-ABBF-269E86EA717C}"
EndProject
Project("{9A19103F-16F7-4668-BE54-9A1E7A4F7556}") = "Intro.Sender", "Intro.Sender\Intro.Sender.csproj", "{2401EA34-6BBB-486B-A26A-4EF3D605C7E0}"
EndProject
Project("{9A19103F-16F7-4668-BE54-9A1E7A4F7556}") = "Intro.Receiver", "Intro.Receiver\Intro.Receiver.csproj", "{A3FBBD8E-0D98-4CA1-9778-3CDD37DC3F03}"
EndProject
Project("{9A19103F-16F7-4668-BE54-9A1E7A4F7556}") = "Intro.ChatTopic", "Intro.ChatTopic\Intro.ChatTopic.csproj", "{27E52CB1-1626-41C6-80D5-8C33452F41D5}"
EndProject
Project("{2150E333-8FDC-42A3-9474-1A3956D46DE8}") = "Etcs", "Etcs", "{C5158AB1-B4CA-444E-8E2C-D41D66B3BC47}"
EndProject
Project("{9A19103F-16F7-4668-BE54-9A1E7A4F7556}") = "ManageArtefacts", "ManageArtefacts\ManageArtefacts.csproj", "{6E5BD894-4F17-475B-9F88-6DA223837943}"
EndProject
Project("{9A19103F-16F7-4668-BE54-9A1E7A4F7556}") = "MultiThread.Receiver", "MultiThread.Receiver\MultiThread.Receiver.csproj", "{0C17E562-55FE-442B-A9A4-3A608685CCEE}"
EndProject
Project("{9A19103F-16F7-4668-BE54-9A1E7A4F7556}") = "MultiThread.BatchSender", "MultiThread.BatchSender\MultiThread.BatchSender.csproj", "{E89A716B-26E8-4208-8175-A7856609A02C}"
EndProject
Project("{9A19103F-16F7-4668-BE54-9A1E7A4F7556}") = "Detection.Sender", "Detection.Sender\Detection.Sender.csproj", "{32CC78C9-EE13-4E02-A5A1-248860436204}"
EndProject
Project("{9A19103F-16F7-4668-BE54-9A1E7A4F7556}") = "Detection.Receiver", "Detection.Receiver\Detection.Receiver.csproj", "{01AEE6DB-C166-49A0-BB12-AECF72AB3D8F}"
EndProject
Project("{9A19103F-16F7-4668-BE54-9A1E7A4F7556}") = "TopicSubscriptionRulesDemo", "TopicSubscriptionRulesDemo\TopicSubscriptionRulesDemo.csproj", "{086EBBFA-5552-469D-A670-1E800147684D}"
EndProject
Project("{FAE04EC0-301F-11D3-BF4B-00C04F79EFBC}") = "SessionDuplicateDetection.Sender", "SessionDuplicateDetection.Sender\SessionDuplicateDetection.Sender.csproj", "{2C0C3247-0752-45D2-8296-07420AA6DEE4}"
EndProject
Project("{FAE04EC0-301F-11D3-BF4B-00C04F79EFBC}") = "SessionDuplicateDetection.Receiver", "SessionDuplicateDetection.Receiver\SessionDuplicateDetection.Receiver.csproj", "{C94571EF-C516-490A-B7EC-75CFCCD2B510}"
EndProject
Global
	GlobalSection(SolutionConfigurationPlatforms) = preSolution
		Debug|Any CPU = Debug|Any CPU
		Release|Any CPU = Release|Any CPU
	EndGlobalSection
	GlobalSection(ProjectConfigurationPlatforms) = postSolution
		{2401EA34-6BBB-486B-A26A-4EF3D605C7E0}.Debug|Any CPU.ActiveCfg = Debug|Any CPU
		{2401EA34-6BBB-486B-A26A-4EF3D605C7E0}.Debug|Any CPU.Build.0 = Debug|Any CPU
		{2401EA34-6BBB-486B-A26A-4EF3D605C7E0}.Release|Any CPU.ActiveCfg = Release|Any CPU
		{2401EA34-6BBB-486B-A26A-4EF3D605C7E0}.Release|Any CPU.Build.0 = Release|Any CPU
		{A3FBBD8E-0D98-4CA1-9778-3CDD37DC3F03}.Debug|Any CPU.ActiveCfg = Debug|Any CPU
		{A3FBBD8E-0D98-4CA1-9778-3CDD37DC3F03}.Debug|Any CPU.Build.0 = Debug|Any CPU
		{A3FBBD8E-0D98-4CA1-9778-3CDD37DC3F03}.Release|Any CPU.ActiveCfg = Release|Any CPU
		{A3FBBD8E-0D98-4CA1-9778-3CDD37DC3F03}.Release|Any CPU.Build.0 = Release|Any CPU
		{27E52CB1-1626-41C6-80D5-8C33452F41D5}.Debug|Any CPU.ActiveCfg = Debug|Any CPU
		{27E52CB1-1626-41C6-80D5-8C33452F41D5}.Debug|Any CPU.Build.0 = Debug|Any CPU
		{27E52CB1-1626-41C6-80D5-8C33452F41D5}.Release|Any CPU.ActiveCfg = Release|Any CPU
		{27E52CB1-1626-41C6-80D5-8C33452F41D5}.Release|Any CPU.Build.0 = Release|Any CPU
		{6E5BD894-4F17-475B-9F88-6DA223837943}.Debug|Any CPU.ActiveCfg = Debug|Any CPU
		{6E5BD894-4F17-475B-9F88-6DA223837943}.Debug|Any CPU.Build.0 = Debug|Any CPU
		{6E5BD894-4F17-475B-9F88-6DA223837943}.Release|Any CPU.ActiveCfg = Release|Any CPU
		{6E5BD894-4F17-475B-9F88-6DA223837943}.Release|Any CPU.Build.0 = Release|Any CPU
		{0C17E562-55FE-442B-A9A4-3A608685CCEE}.Debug|Any CPU.ActiveCfg = Debug|Any CPU
		{0C17E562-55FE-442B-A9A4-3A608685CCEE}.Debug|Any CPU.Build.0 = Debug|Any CPU
		{0C17E562-55FE-442B-A9A4-3A608685CCEE}.Release|Any CPU.ActiveCfg = Release|Any CPU
		{0C17E562-55FE-442B-A9A4-3A608685CCEE}.Release|Any CPU.Build.0 = Release|Any CPU
		{E89A716B-26E8-4208-8175-A7856609A02C}.Debug|Any CPU.ActiveCfg = Debug|Any CPU
		{E89A716B-26E8-4208-8175-A7856609A02C}.Debug|Any CPU.Build.0 = Debug|Any CPU
		{E89A716B-26E8-4208-8175-A7856609A02C}.Release|Any CPU.ActiveCfg = Release|Any CPU
		{E89A716B-26E8-4208-8175-A7856609A02C}.Release|Any CPU.Build.0 = Release|Any CPU
		{32CC78C9-EE13-4E02-A5A1-248860436204}.Debug|Any CPU.ActiveCfg = Debug|Any CPU
		{32CC78C9-EE13-4E02-A5A1-248860436204}.Debug|Any CPU.Build.0 = Debug|Any CPU
		{32CC78C9-EE13-4E02-A5A1-248860436204}.Release|Any CPU.ActiveCfg = Release|Any CPU
		{32CC78C9-EE13-4E02-A5A1-248860436204}.Release|Any CPU.Build.0 = Release|Any CPU
		{01AEE6DB-C166-49A0-BB12-AECF72AB3D8F}.Debug|Any CPU.ActiveCfg = Debug|Any CPU
		{01AEE6DB-C166-49A0-BB12-AECF72AB3D8F}.Debug|Any CPU.Build.0 = Debug|Any CPU
		{01AEE6DB-C166-49A0-BB12-AECF72AB3D8F}.Release|Any CPU.ActiveCfg = Release|Any CPU
		{01AEE6DB-C166-49A0-BB12-AECF72AB3D8F}.Release|Any CPU.Build.0 = Release|Any CPU
		{086EBBFA-5552-469D-A670-1E800147684D}.Debug|Any CPU.ActiveCfg = Debug|Any CPU
		{086EBBFA-5552-469D-A670-1E800147684D}.Debug|Any CPU.Build.0 = Debug|Any CPU
		{086EBBFA-5552-469D-A670-1E800147684D}.Release|Any CPU.ActiveCfg = Release|Any CPU
		{086EBBFA-5552-469D-A670-1E800147684D}.Release|Any CPU.Build.0 = Release|Any CPU
		{2C0C3247-0752-45D2-8296-07420AA6DEE4}.Debug|Any CPU.ActiveCfg = Debug|Any CPU
		{2C0C3247-0752-45D2-8296-07420AA6DEE4}.Debug|Any CPU.Build.0 = Debug|Any CPU
		{2C0C3247-0752-45D2-8296-07420AA6DEE4}.Release|Any CPU.ActiveCfg = Release|Any CPU
		{2C0C3247-0752-45D2-8296-07420AA6DEE4}.Release|Any CPU.Build.0 = Release|Any CPU
		{C94571EF-C516-490A-B7EC-75CFCCD2B510}.Debug|Any CPU.ActiveCfg = Debug|Any CPU
		{C94571EF-C516-490A-B7EC-75CFCCD2B510}.Debug|Any CPU.Build.0 = Debug|Any CPU
		{C94571EF-C516-490A-B7EC-75CFCCD2B510}.Release|Any CPU.ActiveCfg = Release|Any CPU
		{C94571EF-C516-490A-B7EC-75CFCCD2B510}.Release|Any CPU.Build.0 = Release|Any CPU
	EndGlobalSection
	GlobalSection(SolutionProperties) = preSolution
		HideSolutionNode = FALSE
	EndGlobalSection
	GlobalSection(NestedProjects) = preSolution
		{2401EA34-6BBB-486B-A26A-4EF3D605C7E0} = {EB387BB3-FE99-46B7-B42D-866B66D8488C}
		{A3FBBD8E-0D98-4CA1-9778-3CDD37DC3F03} = {EB387BB3-FE99-46B7-B42D-866B66D8488C}
		{27E52CB1-1626-41C6-80D5-8C33452F41D5} = {B6EBB01B-243B-455E-ABBF-269E86EA717C}
		{6E5BD894-4F17-475B-9F88-6DA223837943} = {C5158AB1-B4CA-444E-8E2C-D41D66B3BC47}
		{0C17E562-55FE-442B-A9A4-3A608685CCEE} = {EB387BB3-FE99-46B7-B42D-866B66D8488C}
		{E89A716B-26E8-4208-8175-A7856609A02C} = {EB387BB3-FE99-46B7-B42D-866B66D8488C}
		{32CC78C9-EE13-4E02-A5A1-248860436204} = {EB387BB3-FE99-46B7-B42D-866B66D8488C}
		{01AEE6DB-C166-49A0-BB12-AECF72AB3D8F} = {EB387BB3-FE99-46B7-B42D-866B66D8488C}
		{086EBBFA-5552-469D-A670-1E800147684D} = {B6EBB01B-243B-455E-ABBF-269E86EA717C}
		{2C0C3247-0752-45D2-8296-07420AA6DEE4} = {EB387BB3-FE99-46B7-B42D-866B66D8488C}
		{C94571EF-C516-490A-B7EC-75CFCCD2B510} = {EB387BB3-FE99-46B7-B42D-866B66D8488C}
	EndGlobalSection
	GlobalSection(ExtensibilityGlobals) = postSolution
		SolutionGuid = {2EA65350-AC28-4F8D-BF0B-F542B1EEF655}
	EndGlobalSection
EndGlobal
