
Microsoft Visual Studio Solution File, Format Version 12.00
# Visual Studio Version 16
VisualStudioVersion = 16.0.29519.87
MinimumVisualStudioVersion = 10.0.40219.1
Project("{2150E333-8FDC-42A3-9474-1A3956D46DE8}") = "Queues", "Queues", "{EB387BB3-FE99-46B7-B42D-866B66D8488C}"
EndProject
Project("{2150E333-8FDC-42A3-9474-1A3956D46DE8}") = "Topics", "Topics", "{B6EBB01B-243B-455E-ABBF-269E86EA717C}"
EndProject
Project("{9A19103F-16F7-4668-BE54-9A1E7A4F7556}") = "Intro.Sender", "Intro.Sender\Intro.Sender.csproj", "{2401EA34-6BBB-486B-A26A-4EF3D605C7E0}"
EndProject
Project("{9A19103F-16F7-4668-BE54-9A1E7A4F7556}") = "Intro.Receiver", "Intro.Receiver\Intro.Receiver.csproj", "{A3FBBD8E-0D98-4CA1-9778-3CDD37DC3F03}"
EndProject
Project("{9A19103F-16F7-4668-BE54-9A1E7A4F7556}") = "Intro.ChatTopic", "Intro.ChatTopic\Intro.ChatTopic.csproj", "{27E52CB1-1626-41C6-80D5-8C33452F41D5}"
EndProject
Project("{2150E333-8FDC-42A3-9474-1A3956D46DE8}") = "Etcs", "Etcs", "{C5158AB1-B4CA-444E-8E2C-D41D66B3BC47}"
EndProject
Project("{9A19103F-16F7-4668-BE54-9A1E7A4F7556}") = "ManageArtefacts", "ManageArtefacts\ManageArtefacts.csproj", "{6E5BD894-4F17-475B-9F88-6DA223837943}"
EndProject
Project("{9A19103F-16F7-4668-BE54-9A1E7A4F7556}") = "MultiThread.Receiver", "MultiThread.Receiver\MultiThread.Receiver.csproj", "{0C17E562-55FE-442B-A9A4-3A608685CCEE}"
EndProject
Project("{9A19103F-16F7-4668-BE54-9A1E7A4F7556}") = "MultiThread.BatchSender", "MultiThread.BatchSender\MultiThread.BatchSender.csproj", "{E89A716B-26E8-4208-8175-A7856609A02C}"
EndProject
Project("{9A19103F-16F7-4668-BE54-9A1E7A4F7556}") = "Detection.Sender", "Detection.Sender\Detection.Sender.csproj", "{32CC78C9-EE13-4E02-A5A1-248860436204}"
EndProject
Project("{9A19103F-16F7-4668-BE54-9A1E7A4F7556}") = "Detection.Receiver", "Detection.Receiver\Detection.Receiver.csproj", "{01AEE6DB-C166-49A0-BB12-AECF72AB3D8F}"
EndProject
Project("{9A19103F-16F7-4668-BE54-9A1E7A4F7556}") = "TopicSubscriptionRulesDemo", "TopicSubscriptionRulesDemo\TopicSubscriptionRulesDemo.csproj", "{086EBBFA-5552-469D-A670-1E800147684D}"
EndProject
Project("{9A19103F-16F7-4668-BE54-9A1E7A4F7556}") = "SessionDuplicateDetection.Sender", "SessionDuplicateDetection.Sender\SessionDuplicateDetection.Sender.csproj", "{2C0C3247-0752-45D2-8296-07420AA6DEE4}"
EndProject
Project("{9A19103F-16F7-4668-BE54-9A1E7A4F7556}") = "SessionDuplicateDetection.Receiver", "SessionDuplicateDetection.Receiver\SessionDuplicateDetection.Receiver.csproj", "{C94571EF-C516-490A-B7EC-75CFCCD2B510}"
EndProject
Project("{2150E333-8FDC-42A3-9474-1A3956D46DE8}") = "RequestResponse", "RequestResponse", "{70DB95D9-D521-49A8-9412-B6A369D9E7F1}"
EndProject
Project("{9A19103F-16F7-4668-BE54-9A1E7A4F7556}") = "ReqV1.Client", "ReqV1.Client\ReqV1.Client.csproj", "{FEE1B1FF-6922-4533-8BA9-FBB539AA0CFE}"
EndProject
Project("{9A19103F-16F7-4668-BE54-9A1E7A4F7556}") = "ReqV1.Server", "ReqV1.Server\ReqV1.Server.csproj", "{F8A89360-07A8-47D6-B2B0-73811DCED56A}"
EndProject
Project("{9A19103F-16F7-4668-BE54-9A1E7A4F7556}") = "ReqV1.Client.Desktop", "ReqV1.Client.Desktop\ReqV1.Client.Desktop.csproj", "{008798B6-EEFF-4F59-9B96-27B4BB9F5B6B}"
EndProject
Project("{9A19103F-16F7-4668-BE54-9A1E7A4F7556}") = "DeadLetterAbandon.Client", "DeadLetterAbandon.Client\DeadLetterAbandon.Client.csproj", "{3096792C-23A1-470E-93DF-9C7AFABFCB2B}"
EndProject
Project("{9A19103F-16F7-4668-BE54-9A1E7A4F7556}") = "DeadLetterAbandon.Server", "DeadLetterAbandon.Server\DeadLetterAbandon.Server.csproj", "{DB0E9DBB-578D-4A75-ABFC-73CB942B815D}"
EndProject
Project("{9A19103F-16F7-4668-BE54-9A1E7A4F7556}") = "DeadLetterAbandon.ServerDeadLetterHandler", "DeadLetterAbandon.ServerDeadLetterHandler\DeadLetterAbandon.ServerDeadLetterHandler.csproj", "{50760AF9-6EAA-4A82-A870-BD35DDDA08D3}"
EndProject
Project("{9A19103F-16F7-4668-BE54-9A1E7A4F7556}") = "ServiceBusSecurity", "ServiceBusSecurity\ServiceBusSecurity.csproj", "{FCE0C0C2-BCB9-410F-BFBF-7A15DA168E40}"
EndProject
Project("{2150E333-8FDC-42A3-9474-1A3956D46DE8}") = "Functions", "Functions", "{C59F2A2E-0DEA-49DC-A90A-254074A8F954}"
EndProject
Project("{9A19103F-16F7-4668-BE54-9A1E7A4F7556}") = "AzFuncTriggerV1", "AzFuncTriggerV1\AzFuncTriggerV1.csproj", "{FE405657-9EA3-4559-B55E-8218DD751DE4}"
EndProject
Project("{2150E333-8FDC-42A3-9474-1A3956D46DE8}") = "Queues", "Queues", "{049876E8-E57F-4438-B8E4-C117BB1D68D7}"
EndProject
Project("{9A19103F-16F7-4668-BE54-9A1E7A4F7556}") = "TransactionQueue.Sender", "TransactionQueue.Sender\TransactionQueue.Sender.csproj", "{3601F8B6-0E60-49E5-9452-2DD67A7BF0E7}"
EndProject
Project("{9A19103F-16F7-4668-BE54-9A1E7A4F7556}") = "TransactionQueue.Listener", "TransactionQueue.Listener\TransactionQueue.Listener.csproj", "{8F7E0DE6-1D37-455D-BDBE-5E906FCE68F5}"
EndProject
Project("{2150E333-8FDC-42A3-9474-1A3956D46DE8}") = "Topics", "Topics", "{176C7271-83E6-45D0-921E-8BAEF1A73C83}"
EndProject
Project("{FAE04EC0-301F-11D3-BF4B-00C04F79EFBC}") = "AzFuncTopicsTrigger", "AzFuncTopicsTrigger\AzFuncTopicsTrigger.csproj", "{EECE3EBE-7EA7-4CC5-810B-12116910EA55}"
EndProject
Project("{FAE04EC0-301F-11D3-BF4B-00C04F79EFBC}") = "AzConsoleListener", "AzConsoleListener\AzConsoleListener.csproj", "{6171AE37-B373-40D8-A7E0-91B9CBAF1B25}"
EndProject
Project("{FAE04EC0-301F-11D3-BF4B-00C04F79EFBC}") = "AzConsoleSender", "AzConsoleSender\AzConsoleSender.csproj", "{19A66FFF-60F4-480B-9C86-021F77C9DFEE}"
EndProject
Project("{2150E333-8FDC-42A3-9474-1A3956D46DE8}") = "Output", "Output", "{65B2125A-269C-4C28-98D8-1AB9C6D1F1F2}"
EndProject
Project("{FAE04EC0-301F-11D3-BF4B-00C04F79EFBC}") = "TransactionQueueHttp", "TransactionQueueHttp\TransactionQueueHttp.csproj", "{12F5C13C-0320-489F-A9CA-48A7A0D4FAB3}"
EndProject
Global
	GlobalSection(SolutionConfigurationPlatforms) = preSolution
		Debug|Any CPU = Debug|Any CPU
		Release|Any CPU = Release|Any CPU
	EndGlobalSection
	GlobalSection(ProjectConfigurationPlatforms) = postSolution
		{2401EA34-6BBB-486B-A26A-4EF3D605C7E0}.Debug|Any CPU.ActiveCfg = Debug|Any CPU
		{2401EA34-6BBB-486B-A26A-4EF3D605C7E0}.Debug|Any CPU.Build.0 = Debug|Any CPU
		{2401EA34-6BBB-486B-A26A-4EF3D605C7E0}.Release|Any CPU.ActiveCfg = Release|Any CPU
		{2401EA34-6BBB-486B-A26A-4EF3D605C7E0}.Release|Any CPU.Build.0 = Release|Any CPU
		{A3FBBD8E-0D98-4CA1-9778-3CDD37DC3F03}.Debug|Any CPU.ActiveCfg = Debug|Any CPU
		{A3FBBD8E-0D98-4CA1-9778-3CDD37DC3F03}.Debug|Any CPU.Build.0 = Debug|Any CPU
		{A3FBBD8E-0D98-4CA1-9778-3CDD37DC3F03}.Release|Any CPU.ActiveCfg = Release|Any CPU
		{A3FBBD8E-0D98-4CA1-9778-3CDD37DC3F03}.Release|Any CPU.Build.0 = Release|Any CPU
		{27E52CB1-1626-41C6-80D5-8C33452F41D5}.Debug|Any CPU.ActiveCfg = Debug|Any CPU
		{27E52CB1-1626-41C6-80D5-8C33452F41D5}.Debug|Any CPU.Build.0 = Debug|Any CPU
		{27E52CB1-1626-41C6-80D5-8C33452F41D5}.Release|Any CPU.ActiveCfg = Release|Any CPU
		{27E52CB1-1626-41C6-80D5-8C33452F41D5}.Release|Any CPU.Build.0 = Release|Any CPU
		{6E5BD894-4F17-475B-9F88-6DA223837943}.Debug|Any CPU.ActiveCfg = Debug|Any CPU
		{6E5BD894-4F17-475B-9F88-6DA223837943}.Debug|Any CPU.Build.0 = Debug|Any CPU
		{6E5BD894-4F17-475B-9F88-6DA223837943}.Release|Any CPU.ActiveCfg = Release|Any CPU
		{6E5BD894-4F17-475B-9F88-6DA223837943}.Release|Any CPU.Build.0 = Release|Any CPU
		{0C17E562-55FE-442B-A9A4-3A608685CCEE}.Debug|Any CPU.ActiveCfg = Debug|Any CPU
		{0C17E562-55FE-442B-A9A4-3A608685CCEE}.Debug|Any CPU.Build.0 = Debug|Any CPU
		{0C17E562-55FE-442B-A9A4-3A608685CCEE}.Release|Any CPU.ActiveCfg = Release|Any CPU
		{0C17E562-55FE-442B-A9A4-3A608685CCEE}.Release|Any CPU.Build.0 = Release|Any CPU
		{E89A716B-26E8-4208-8175-A7856609A02C}.Debug|Any CPU.ActiveCfg = Debug|Any CPU
		{E89A716B-26E8-4208-8175-A7856609A02C}.Debug|Any CPU.Build.0 = Debug|Any CPU
		{E89A716B-26E8-4208-8175-A7856609A02C}.Release|Any CPU.ActiveCfg = Release|Any CPU
		{E89A716B-26E8-4208-8175-A7856609A02C}.Release|Any CPU.Build.0 = Release|Any CPU
		{32CC78C9-EE13-4E02-A5A1-248860436204}.Debug|Any CPU.ActiveCfg = Debug|Any CPU
		{32CC78C9-EE13-4E02-A5A1-248860436204}.Debug|Any CPU.Build.0 = Debug|Any CPU
		{32CC78C9-EE13-4E02-A5A1-248860436204}.Release|Any CPU.ActiveCfg = Release|Any CPU
		{32CC78C9-EE13-4E02-A5A1-248860436204}.Release|Any CPU.Build.0 = Release|Any CPU
		{01AEE6DB-C166-49A0-BB12-AECF72AB3D8F}.Debug|Any CPU.ActiveCfg = Debug|Any CPU
		{01AEE6DB-C166-49A0-BB12-AECF72AB3D8F}.Debug|Any CPU.Build.0 = Debug|Any CPU
		{01AEE6DB-C166-49A0-BB12-AECF72AB3D8F}.Release|Any CPU.ActiveCfg = Release|Any CPU
		{01AEE6DB-C166-49A0-BB12-AECF72AB3D8F}.Release|Any CPU.Build.0 = Release|Any CPU
		{086EBBFA-5552-469D-A670-1E800147684D}.Debug|Any CPU.ActiveCfg = Debug|Any CPU
		{086EBBFA-5552-469D-A670-1E800147684D}.Debug|Any CPU.Build.0 = Debug|Any CPU
		{086EBBFA-5552-469D-A670-1E800147684D}.Release|Any CPU.ActiveCfg = Release|Any CPU
		{086EBBFA-5552-469D-A670-1E800147684D}.Release|Any CPU.Build.0 = Release|Any CPU
		{2C0C3247-0752-45D2-8296-07420AA6DEE4}.Debug|Any CPU.ActiveCfg = Debug|Any CPU
		{2C0C3247-0752-45D2-8296-07420AA6DEE4}.Debug|Any CPU.Build.0 = Debug|Any CPU
		{2C0C3247-0752-45D2-8296-07420AA6DEE4}.Release|Any CPU.ActiveCfg = Release|Any CPU
		{2C0C3247-0752-45D2-8296-07420AA6DEE4}.Release|Any CPU.Build.0 = Release|Any CPU
		{C94571EF-C516-490A-B7EC-75CFCCD2B510}.Debug|Any CPU.ActiveCfg = Debug|Any CPU
		{C94571EF-C516-490A-B7EC-75CFCCD2B510}.Debug|Any CPU.Build.0 = Debug|Any CPU
		{C94571EF-C516-490A-B7EC-75CFCCD2B510}.Release|Any CPU.ActiveCfg = Release|Any CPU
		{C94571EF-C516-490A-B7EC-75CFCCD2B510}.Release|Any CPU.Build.0 = Release|Any CPU
		{FEE1B1FF-6922-4533-8BA9-FBB539AA0CFE}.Debug|Any CPU.ActiveCfg = Debug|Any CPU
		{FEE1B1FF-6922-4533-8BA9-FBB539AA0CFE}.Debug|Any CPU.Build.0 = Debug|Any CPU
		{FEE1B1FF-6922-4533-8BA9-FBB539AA0CFE}.Release|Any CPU.ActiveCfg = Release|Any CPU
		{FEE1B1FF-6922-4533-8BA9-FBB539AA0CFE}.Release|Any CPU.Build.0 = Release|Any CPU
		{F8A89360-07A8-47D6-B2B0-73811DCED56A}.Debug|Any CPU.ActiveCfg = Debug|Any CPU
		{F8A89360-07A8-47D6-B2B0-73811DCED56A}.Debug|Any CPU.Build.0 = Debug|Any CPU
		{F8A89360-07A8-47D6-B2B0-73811DCED56A}.Release|Any CPU.ActiveCfg = Release|Any CPU
		{F8A89360-07A8-47D6-B2B0-73811DCED56A}.Release|Any CPU.Build.0 = Release|Any CPU
		{008798B6-EEFF-4F59-9B96-27B4BB9F5B6B}.Debug|Any CPU.ActiveCfg = Debug|Any CPU
		{008798B6-EEFF-4F59-9B96-27B4BB9F5B6B}.Debug|Any CPU.Build.0 = Debug|Any CPU
		{008798B6-EEFF-4F59-9B96-27B4BB9F5B6B}.Release|Any CPU.ActiveCfg = Release|Any CPU
		{008798B6-EEFF-4F59-9B96-27B4BB9F5B6B}.Release|Any CPU.Build.0 = Release|Any CPU
		{3096792C-23A1-470E-93DF-9C7AFABFCB2B}.Debug|Any CPU.ActiveCfg = Debug|Any CPU
		{3096792C-23A1-470E-93DF-9C7AFABFCB2B}.Debug|Any CPU.Build.0 = Debug|Any CPU
		{3096792C-23A1-470E-93DF-9C7AFABFCB2B}.Release|Any CPU.ActiveCfg = Release|Any CPU
		{3096792C-23A1-470E-93DF-9C7AFABFCB2B}.Release|Any CPU.Build.0 = Release|Any CPU
		{DB0E9DBB-578D-4A75-ABFC-73CB942B815D}.Debug|Any CPU.ActiveCfg = Debug|Any CPU
		{DB0E9DBB-578D-4A75-ABFC-73CB942B815D}.Debug|Any CPU.Build.0 = Debug|Any CPU
		{DB0E9DBB-578D-4A75-ABFC-73CB942B815D}.Release|Any CPU.ActiveCfg = Release|Any CPU
		{DB0E9DBB-578D-4A75-ABFC-73CB942B815D}.Release|Any CPU.Build.0 = Release|Any CPU
		{50760AF9-6EAA-4A82-A870-BD35DDDA08D3}.Debug|Any CPU.ActiveCfg = Debug|Any CPU
		{50760AF9-6EAA-4A82-A870-BD35DDDA08D3}.Debug|Any CPU.Build.0 = Debug|Any CPU
		{50760AF9-6EAA-4A82-A870-BD35DDDA08D3}.Release|Any CPU.ActiveCfg = Release|Any CPU
		{50760AF9-6EAA-4A82-A870-BD35DDDA08D3}.Release|Any CPU.Build.0 = Release|Any CPU
		{FCE0C0C2-BCB9-410F-BFBF-7A15DA168E40}.Debug|Any CPU.ActiveCfg = Debug|Any CPU
		{FCE0C0C2-BCB9-410F-BFBF-7A15DA168E40}.Debug|Any CPU.Build.0 = Debug|Any CPU
		{FCE0C0C2-BCB9-410F-BFBF-7A15DA168E40}.Release|Any CPU.ActiveCfg = Release|Any CPU
		{FCE0C0C2-BCB9-410F-BFBF-7A15DA168E40}.Release|Any CPU.Build.0 = Release|Any CPU
		{FE405657-9EA3-4559-B55E-8218DD751DE4}.Debug|Any CPU.ActiveCfg = Debug|Any CPU
		{FE405657-9EA3-4559-B55E-8218DD751DE4}.Debug|Any CPU.Build.0 = Debug|Any CPU
		{FE405657-9EA3-4559-B55E-8218DD751DE4}.Release|Any CPU.ActiveCfg = Release|Any CPU
		{FE405657-9EA3-4559-B55E-8218DD751DE4}.Release|Any CPU.Build.0 = Release|Any CPU
		{3601F8B6-0E60-49E5-9452-2DD67A7BF0E7}.Debug|Any CPU.ActiveCfg = Debug|Any CPU
		{3601F8B6-0E60-49E5-9452-2DD67A7BF0E7}.Debug|Any CPU.Build.0 = Debug|Any CPU
		{3601F8B6-0E60-49E5-9452-2DD67A7BF0E7}.Release|Any CPU.ActiveCfg = Release|Any CPU
		{3601F8B6-0E60-49E5-9452-2DD67A7BF0E7}.Release|Any CPU.Build.0 = Release|Any CPU
		{8F7E0DE6-1D37-455D-BDBE-5E906FCE68F5}.Debug|Any CPU.ActiveCfg = Debug|Any CPU
		{8F7E0DE6-1D37-455D-BDBE-5E906FCE68F5}.Debug|Any CPU.Build.0 = Debug|Any CPU
		{8F7E0DE6-1D37-455D-BDBE-5E906FCE68F5}.Release|Any CPU.ActiveCfg = Release|Any CPU
		{8F7E0DE6-1D37-455D-BDBE-5E906FCE68F5}.Release|Any CPU.Build.0 = Release|Any CPU
		{EECE3EBE-7EA7-4CC5-810B-12116910EA55}.Debug|Any CPU.ActiveCfg = Debug|Any CPU
		{EECE3EBE-7EA7-4CC5-810B-12116910EA55}.Debug|Any CPU.Build.0 = Debug|Any CPU
		{EECE3EBE-7EA7-4CC5-810B-12116910EA55}.Release|Any CPU.ActiveCfg = Release|Any CPU
		{EECE3EBE-7EA7-4CC5-810B-12116910EA55}.Release|Any CPU.Build.0 = Release|Any CPU
		{6171AE37-B373-40D8-A7E0-91B9CBAF1B25}.Debug|Any CPU.ActiveCfg = Debug|Any CPU
		{6171AE37-B373-40D8-A7E0-91B9CBAF1B25}.Debug|Any CPU.Build.0 = Debug|Any CPU
		{6171AE37-B373-40D8-A7E0-91B9CBAF1B25}.Release|Any CPU.ActiveCfg = Release|Any CPU
		{6171AE37-B373-40D8-A7E0-91B9CBAF1B25}.Release|Any CPU.Build.0 = Release|Any CPU
		{19A66FFF-60F4-480B-9C86-021F77C9DFEE}.Debug|Any CPU.ActiveCfg = Debug|Any CPU
		{19A66FFF-60F4-480B-9C86-021F77C9DFEE}.Debug|Any CPU.Build.0 = Debug|Any CPU
		{19A66FFF-60F4-480B-9C86-021F77C9DFEE}.Release|Any CPU.ActiveCfg = Release|Any CPU
		{19A66FFF-60F4-480B-9C86-021F77C9DFEE}.Release|Any CPU.Build.0 = Release|Any CPU
		{12F5C13C-0320-489F-A9CA-48A7A0D4FAB3}.Debug|Any CPU.ActiveCfg = Debug|Any CPU
		{12F5C13C-0320-489F-A9CA-48A7A0D4FAB3}.Debug|Any CPU.Build.0 = Debug|Any CPU
		{12F5C13C-0320-489F-A9CA-48A7A0D4FAB3}.Release|Any CPU.ActiveCfg = Release|Any CPU
		{12F5C13C-0320-489F-A9CA-48A7A0D4FAB3}.Release|Any CPU.Build.0 = Release|Any CPU
	EndGlobalSection
	GlobalSection(SolutionProperties) = preSolution
		HideSolutionNode = FALSE
	EndGlobalSection
	GlobalSection(NestedProjects) = preSolution
		{2401EA34-6BBB-486B-A26A-4EF3D605C7E0} = {EB387BB3-FE99-46B7-B42D-866B66D8488C}
		{A3FBBD8E-0D98-4CA1-9778-3CDD37DC3F03} = {EB387BB3-FE99-46B7-B42D-866B66D8488C}
		{27E52CB1-1626-41C6-80D5-8C33452F41D5} = {B6EBB01B-243B-455E-ABBF-269E86EA717C}
		{6E5BD894-4F17-475B-9F88-6DA223837943} = {C5158AB1-B4CA-444E-8E2C-D41D66B3BC47}
		{0C17E562-55FE-442B-A9A4-3A608685CCEE} = {EB387BB3-FE99-46B7-B42D-866B66D8488C}
		{E89A716B-26E8-4208-8175-A7856609A02C} = {EB387BB3-FE99-46B7-B42D-866B66D8488C}
		{32CC78C9-EE13-4E02-A5A1-248860436204} = {EB387BB3-FE99-46B7-B42D-866B66D8488C}
		{01AEE6DB-C166-49A0-BB12-AECF72AB3D8F} = {EB387BB3-FE99-46B7-B42D-866B66D8488C}
		{086EBBFA-5552-469D-A670-1E800147684D} = {B6EBB01B-243B-455E-ABBF-269E86EA717C}
		{2C0C3247-0752-45D2-8296-07420AA6DEE4} = {EB387BB3-FE99-46B7-B42D-866B66D8488C}
		{C94571EF-C516-490A-B7EC-75CFCCD2B510} = {EB387BB3-FE99-46B7-B42D-866B66D8488C}
		{70DB95D9-D521-49A8-9412-B6A369D9E7F1} = {EB387BB3-FE99-46B7-B42D-866B66D8488C}
		{FEE1B1FF-6922-4533-8BA9-FBB539AA0CFE} = {70DB95D9-D521-49A8-9412-B6A369D9E7F1}
		{F8A89360-07A8-47D6-B2B0-73811DCED56A} = {70DB95D9-D521-49A8-9412-B6A369D9E7F1}
		{008798B6-EEFF-4F59-9B96-27B4BB9F5B6B} = {70DB95D9-D521-49A8-9412-B6A369D9E7F1}
		{3096792C-23A1-470E-93DF-9C7AFABFCB2B} = {EB387BB3-FE99-46B7-B42D-866B66D8488C}
		{DB0E9DBB-578D-4A75-ABFC-73CB942B815D} = {EB387BB3-FE99-46B7-B42D-866B66D8488C}
		{50760AF9-6EAA-4A82-A870-BD35DDDA08D3} = {EB387BB3-FE99-46B7-B42D-866B66D8488C}
		{FCE0C0C2-BCB9-410F-BFBF-7A15DA168E40} = {B6EBB01B-243B-455E-ABBF-269E86EA717C}
		{FE405657-9EA3-4559-B55E-8218DD751DE4} = {049876E8-E57F-4438-B8E4-C117BB1D68D7}
		{049876E8-E57F-4438-B8E4-C117BB1D68D7} = {C59F2A2E-0DEA-49DC-A90A-254074A8F954}
		{3601F8B6-0E60-49E5-9452-2DD67A7BF0E7} = {049876E8-E57F-4438-B8E4-C117BB1D68D7}
		{8F7E0DE6-1D37-455D-BDBE-5E906FCE68F5} = {049876E8-E57F-4438-B8E4-C117BB1D68D7}
		{176C7271-83E6-45D0-921E-8BAEF1A73C83} = {C59F2A2E-0DEA-49DC-A90A-254074A8F954}
		{EECE3EBE-7EA7-4CC5-810B-12116910EA55} = {176C7271-83E6-45D0-921E-8BAEF1A73C83}
		{6171AE37-B373-40D8-A7E0-91B9CBAF1B25} = {176C7271-83E6-45D0-921E-8BAEF1A73C83}
		{19A66FFF-60F4-480B-9C86-021F77C9DFEE} = {176C7271-83E6-45D0-921E-8BAEF1A73C83}
		{65B2125A-269C-4C28-98D8-1AB9C6D1F1F2} = {049876E8-E57F-4438-B8E4-C117BB1D68D7}
		{12F5C13C-0320-489F-A9CA-48A7A0D4FAB3} = {65B2125A-269C-4C28-98D8-1AB9C6D1F1F2}
	EndGlobalSection
	GlobalSection(ExtensibilityGlobals) = postSolution
		SolutionGuid = {2EA65350-AC28-4F8D-BF0B-F542B1EEF655}
	EndGlobalSection
EndGlobal
